// !$*UTF8*$!
{
	archiveVersion = 1;
	classes = {
	};
	objectVersion = 55;
	objects = {

/* Begin PBXBuildFile section */
		9486DEB32902FF00003A9041 /* BaseSceneViewController.swift in Sources */ = {isa = PBXBuildFile; fileRef = 9486DEB22902FF00003A9041 /* BaseSceneViewController.swift */; };
		9486DEB52902FF62003A9041 /* SelectColorViewController.swift in Sources */ = {isa = PBXBuildFile; fileRef = 9486DEB42902FF62003A9041 /* SelectColorViewController.swift */; };
		94CB780F28F801D100F20E2D /* AppDelegate.swift in Sources */ = {isa = PBXBuildFile; fileRef = 94CB780E28F801D100F20E2D /* AppDelegate.swift */; };
		94CB781128F801D100F20E2D /* SceneDelegate.swift in Sources */ = {isa = PBXBuildFile; fileRef = 94CB781028F801D100F20E2D /* SceneDelegate.swift */; };
		94CB781328F801D100F20E2D /* ViewController.swift in Sources */ = {isa = PBXBuildFile; fileRef = 94CB781228F801D100F20E2D /* ViewController.swift */; };
		94CB781628F801D100F20E2D /* Main.storyboard in Resources */ = {isa = PBXBuildFile; fileRef = 94CB781428F801D100F20E2D /* Main.storyboard */; };
		94CB781828F801D200F20E2D /* Assets.xcassets in Resources */ = {isa = PBXBuildFile; fileRef = 94CB781728F801D200F20E2D /* Assets.xcassets */; };
		94CB781B28F801D200F20E2D /* LaunchScreen.storyboard in Resources */ = {isa = PBXBuildFile; fileRef = 94CB781928F801D200F20E2D /* LaunchScreen.storyboard */; };
		94CB782328FDA4F100F20E2D /* SecondViewController.swift in Sources */ = {isa = PBXBuildFile; fileRef = 94CB782228FDA4F100F20E2D /* SecondViewController.swift */; };
		94CB782628FFD4EB00F20E2D /* Game.swift in Sources */ = {isa = PBXBuildFile; fileRef = 94CB782528FFD4EB00F20E2D /* Game.swift */; };
		94CB7828290126FC00F20E2D /* GameRound.swift in Sources */ = {isa = PBXBuildFile; fileRef = 94CB7827290126FC00F20E2D /* GameRound.swift */; };
		94CB782A2901270E00F20E2D /* GameGenerator.swift in Sources */ = {isa = PBXBuildFile; fileRef = 94CB78292901270E00F20E2D /* GameGenerator.swift */; };
		94CB782C2902E07400F20E2D /* SelectColor.swift in Sources */ = {isa = PBXBuildFile; fileRef = 94CB782B2902E07400F20E2D /* SelectColor.swift */; };
/* End PBXBuildFile section */

/* Begin PBXFileReference section */
		9486DEB22902FF00003A9041 /* BaseSceneViewController.swift */ = {isa = PBXFileReference; lastKnownFileType = sourcecode.swift; path = BaseSceneViewController.swift; sourceTree = "<group>"; };
		9486DEB42902FF62003A9041 /* SelectColorViewController.swift */ = {isa = PBXFileReference; lastKnownFileType = sourcecode.swift; path = SelectColorViewController.swift; sourceTree = "<group>"; };
		94CB780B28F801D100F20E2D /* Right in target2.app */ = {isa = PBXFileReference; explicitFileType = wrapper.application; includeInIndex = 0; path = "Right in target2.app"; sourceTree = BUILT_PRODUCTS_DIR; };
		94CB780E28F801D100F20E2D /* AppDelegate.swift */ = {isa = PBXFileReference; lastKnownFileType = sourcecode.swift; path = AppDelegate.swift; sourceTree = "<group>"; };
		94CB781028F801D100F20E2D /* SceneDelegate.swift */ = {isa = PBXFileReference; lastKnownFileType = sourcecode.swift; path = SceneDelegate.swift; sourceTree = "<group>"; };
		94CB781228F801D100F20E2D /* ViewController.swift */ = {isa = PBXFileReference; lastKnownFileType = sourcecode.swift; path = ViewController.swift; sourceTree = "<group>"; };
		94CB781528F801D100F20E2D /* Base */ = {isa = PBXFileReference; lastKnownFileType = file.storyboard; name = Base; path = Base.lproj/Main.storyboard; sourceTree = "<group>"; };
		94CB781728F801D200F20E2D /* Assets.xcassets */ = {isa = PBXFileReference; lastKnownFileType = folder.assetcatalog; path = Assets.xcassets; sourceTree = "<group>"; };
		94CB781A28F801D200F20E2D /* Base */ = {isa = PBXFileReference; lastKnownFileType = file.storyboard; name = Base; path = Base.lproj/LaunchScreen.storyboard; sourceTree = "<group>"; };
		94CB781C28F801D200F20E2D /* Info.plist */ = {isa = PBXFileReference; lastKnownFileType = text.plist.xml; path = Info.plist; sourceTree = "<group>"; };
		94CB782228FDA4F100F20E2D /* SecondViewController.swift */ = {isa = PBXFileReference; lastKnownFileType = sourcecode.swift; path = SecondViewController.swift; sourceTree = "<group>"; };
		94CB782528FFD4EB00F20E2D /* Game.swift */ = {isa = PBXFileReference; lastKnownFileType = sourcecode.swift; path = Game.swift; sourceTree = "<group>"; };
		94CB7827290126FC00F20E2D /* GameRound.swift */ = {isa = PBXFileReference; lastKnownFileType = sourcecode.swift; path = GameRound.swift; sourceTree = "<group>"; };
		94CB78292901270E00F20E2D /* GameGenerator.swift */ = {isa = PBXFileReference; lastKnownFileType = sourcecode.swift; path = GameGenerator.swift; sourceTree = "<group>"; };
		94CB782B2902E07400F20E2D /* SelectColor.swift */ = {isa = PBXFileReference; lastKnownFileType = sourcecode.swift; path = SelectColor.swift; sourceTree = "<group>"; };
/* End PBXFileReference section */

/* Begin PBXFrameworksBuildPhase section */
		94CB780828F801D100F20E2D /* Frameworks */ = {
			isa = PBXFrameworksBuildPhase;
			buildActionMask = 2147483647;
			files = (
			);
			runOnlyForDeploymentPostprocessing = 0;
		};
/* End PBXFrameworksBuildPhase section */

/* Begin PBXGroup section */
		94CB780228F801D100F20E2D = {
			isa = PBXGroup;
			children = (
				94CB780D28F801D100F20E2D /* Right in target2 */,
				94CB780C28F801D100F20E2D /* Products */,
			);
			sourceTree = "<group>";
		};
		94CB780C28F801D100F20E2D /* Products */ = {
			isa = PBXGroup;
			children = (
				94CB780B28F801D100F20E2D /* Right in target2.app */,
			);
			name = Products;
			sourceTree = "<group>";
		};
		94CB780D28F801D100F20E2D /* Right in target2 */ = {
			isa = PBXGroup;
			children = (
				94CB782428FFD43700F20E2D /* Model */,
				94CB780E28F801D100F20E2D /* AppDelegate.swift */,
				94CB781028F801D100F20E2D /* SceneDelegate.swift */,
				94CB781228F801D100F20E2D /* ViewController.swift */,
				9486DEB22902FF00003A9041 /* BaseSceneViewController.swift */,
				9486DEB42902FF62003A9041 /* SelectColorViewController.swift */,
				94CB781428F801D100F20E2D /* Main.storyboard */,
				94CB781728F801D200F20E2D /* Assets.xcassets */,
				94CB781928F801D200F20E2D /* LaunchScreen.storyboard */,
				94CB781C28F801D200F20E2D /* Info.plist */,
				94CB782228FDA4F100F20E2D /* SecondViewController.swift */,
			);
			path = "Right in target2";
			sourceTree = "<group>";
		};
		94CB782428FFD43700F20E2D /* Model */ = {
			isa = PBXGroup;
			children = (
				94CB782528FFD4EB00F20E2D /* Game.swift */,
				94CB7827290126FC00F20E2D /* GameRound.swift */,
				94CB78292901270E00F20E2D /* GameGenerator.swift */,
				94CB782B2902E07400F20E2D /* SelectColor.swift */,
			);
			path = Model;
			sourceTree = "<group>";
		};
/* End PBXGroup section */

/* Begin PBXNativeTarget section */
		94CB780A28F801D100F20E2D /* Right in target2 */ = {
			isa = PBXNativeTarget;
			buildConfigurationList = 94CB781F28F801D200F20E2D /* Build configuration list for PBXNativeTarget "Right in target2" */;
			buildPhases = (
				94CB780728F801D100F20E2D /* Sources */,
				94CB780828F801D100F20E2D /* Frameworks */,
				94CB780928F801D100F20E2D /* Resources */,
			);
			buildRules = (
			);
			dependencies = (
			);
			name = "Right in target2";
			productName = "Right in target2";
			productReference = 94CB780B28F801D100F20E2D /* Right in target2.app */;
			productType = "com.apple.product-type.application";
		};
/* End PBXNativeTarget section */

/* Begin PBXProject section */
		94CB780328F801D100F20E2D /* Project object */ = {
			isa = PBXProject;
			attributes = {
				BuildIndependentTargetsInParallel = 1;
				LastSwiftUpdateCheck = 1340;
				LastUpgradeCheck = 1340;
				TargetAttributes = {
					94CB780A28F801D100F20E2D = {
						CreatedOnToolsVersion = 13.4.1;
					};
				};
			};
			buildConfigurationList = 94CB780628F801D100F20E2D /* Build configuration list for PBXProject "Right in target2" */;
			compatibilityVersion = "Xcode 13.0";
			developmentRegion = en;
			hasScannedForEncodings = 0;
			knownRegions = (
				en,
				Base,
			);
			mainGroup = 94CB780228F801D100F20E2D;
			productRefGroup = 94CB780C28F801D100F20E2D /* Products */;
			projectDirPath = "";
			projectRoot = "";
			targets = (
				94CB780A28F801D100F20E2D /* Right in target2 */,
			);
		};
/* End PBXProject section */

/* Begin PBXResourcesBuildPhase section */
		94CB780928F801D100F20E2D /* Resources */ = {
			isa = PBXResourcesBuildPhase;
			buildActionMask = 2147483647;
			files = (
				94CB781B28F801D200F20E2D /* LaunchScreen.storyboard in Resources */,
				94CB781828F801D200F20E2D /* Assets.xcassets in Resources */,
				94CB781628F801D100F20E2D /* Main.storyboard in Resources */,
			);
			runOnlyForDeploymentPostprocessing = 0;
		};
/* End PBXResourcesBuildPhase section */

/* Begin PBXSourcesBuildPhase section */
		94CB780728F801D100F20E2D /* Sources */ = {
			isa = PBXSourcesBuildPhase;
			buildActionMask = 2147483647;
			files = (
				9486DEB32902FF00003A9041 /* BaseSceneViewController.swift in Sources */,
				94CB782328FDA4F100F20E2D /* SecondViewController.swift in Sources */,
				94CB782628FFD4EB00F20E2D /* Game.swift in Sources */,
				94CB781328F801D100F20E2D /* ViewController.swift in Sources */,
				9486DEB52902FF62003A9041 /* SelectColorViewController.swift in Sources */,
				94CB782C2902E07400F20E2D /* SelectColor.swift in Sources */,
				94CB780F28F801D100F20E2D /* AppDelegate.swift in Sources */,
				94CB7828290126FC00F20E2D /* GameRound.swift in Sources */,
				94CB781128F801D100F20E2D /* SceneDelegate.swift in Sources */,
				94CB782A2901270E00F20E2D /* GameGenerator.swift in Sources */,
			);
			runOnlyForDeploymentPostprocessing = 0;
		};
/* End PBXSourcesBuildPhase section */

/* Begin PBXVariantGroup section */
		94CB781428F801D100F20E2D /* Main.storyboard */ = {
			isa = PBXVariantGroup;
			children = (
				94CB781528F801D100F20E2D /* Base */,
			);
			name = Main.storyboard;
			sourceTree = "<group>";
		};
		94CB781928F801D200F20E2D /* LaunchScreen.storyboard */ = {
			isa = PBXVariantGroup;
			children = (
				94CB781A28F801D200F20E2D /* Base */,
			);
			name = LaunchScreen.storyboard;
			sourceTree = "<group>";
		};
/* End PBXVariantGroup section */

/* Begin XCBuildConfiguration section */
		94CB781D28F801D200F20E2D /* Debug */ = {
			isa = XCBuildConfiguration;
			buildSettings = {
				ALWAYS_SEARCH_USER_PATHS = NO;
				CLANG_ANALYZER_NONNULL = YES;
				CLANG_ANALYZER_NUMBER_OBJECT_CONVERSION = YES_AGGRESSIVE;
				CLANG_CXX_LANGUAGE_STANDARD = "gnu++17";
				CLANG_ENABLE_MODULES = YES;
				CLANG_ENABLE_OBJC_ARC = YES;
				CLANG_ENABLE_OBJC_WEAK = YES;
				CLANG_WARN_BLOCK_CAPTURE_AUTORELEASING = YES;
				CLANG_WARN_BOOL_CONVERSION = YES;
				CLANG_WARN_COMMA = YES;
				CLANG_WARN_CONSTANT_CONVERSION = YES;
				CLANG_WARN_DEPRECATED_OBJC_IMPLEMENTATIONS = YES;
				CLANG_WARN_DIRECT_OBJC_ISA_USAGE = YES_ERROR;
				CLANG_WARN_DOCUMENTATION_COMMENTS = YES;
				CLANG_WARN_EMPTY_BODY = YES;
				CLANG_WARN_ENUM_CONVERSION = YES;
				CLANG_WARN_INFINITE_RECURSION = YES;
				CLANG_WARN_INT_CONVERSION = YES;
				CLANG_WARN_NON_LITERAL_NULL_CONVERSION = YES;
				CLANG_WARN_OBJC_IMPLICIT_RETAIN_SELF = YES;
				CLANG_WARN_OBJC_LITERAL_CONVERSION = YES;
				CLANG_WARN_OBJC_ROOT_CLASS = YES_ERROR;
				CLANG_WARN_QUOTED_INCLUDE_IN_FRAMEWORK_HEADER = YES;
				CLANG_WARN_RANGE_LOOP_ANALYSIS = YES;
				CLANG_WARN_STRICT_PROTOTYPES = YES;
				CLANG_WARN_SUSPICIOUS_MOVE = YES;
				CLANG_WARN_UNGUARDED_AVAILABILITY = YES_AGGRESSIVE;
				CLANG_WARN_UNREACHABLE_CODE = YES;
				CLANG_WARN__DUPLICATE_METHOD_MATCH = YES;
				COPY_PHASE_STRIP = NO;
				DEBUG_INFORMATION_FORMAT = dwarf;
				ENABLE_STRICT_OBJC_MSGSEND = YES;
				ENABLE_TESTABILITY = YES;
				GCC_C_LANGUAGE_STANDARD = gnu11;
				GCC_DYNAMIC_NO_PIC = NO;
				GCC_NO_COMMON_BLOCKS = YES;
				GCC_OPTIMIZATION_LEVEL = 0;
				GCC_PREPROCESSOR_DEFINITIONS = (
					"DEBUG=1",
					"$(inherited)",
				);
				GCC_WARN_64_TO_32_BIT_CONVERSION = YES;
				GCC_WARN_ABOUT_RETURN_TYPE = YES_ERROR;
				GCC_WARN_UNDECLARED_SELECTOR = YES;
				GCC_WARN_UNINITIALIZED_AUTOS = YES_AGGRESSIVE;
				GCC_WARN_UNUSED_FUNCTION = YES;
				GCC_WARN_UNUSED_VARIABLE = YES;
				IPHONEOS_DEPLOYMENT_TARGET = 15.5;
				MTL_ENABLE_DEBUG_INFO = INCLUDE_SOURCE;
				MTL_FAST_MATH = YES;
				ONLY_ACTIVE_ARCH = YES;
				SDKROOT = iphoneos;
				SWIFT_ACTIVE_COMPILATION_CONDITIONS = DEBUG;
				SWIFT_OPTIMIZATION_LEVEL = "-Onone";
			};
			name = Debug;
		};
		94CB781E28F801D200F20E2D /* Release */ = {
			isa = XCBuildConfiguration;
			buildSettings = {
				ALWAYS_SEARCH_USER_PATHS = NO;
				CLANG_ANALYZER_NONNULL = YES;
				CLANG_ANALYZER_NUMBER_OBJECT_CONVERSION = YES_AGGRESSIVE;
				CLANG_CXX_LANGUAGE_STANDARD = "gnu++17";
				CLANG_ENABLE_MODULES = YES;
				CLANG_ENABLE_OBJC_ARC = YES;
				CLANG_ENABLE_OBJC_WEAK = YES;
				CLANG_WARN_BLOCK_CAPTURE_AUTORELEASING = YES;
				CLANG_WARN_BOOL_CONVERSION = YES;
				CLANG_WARN_COMMA = YES;
				CLANG_WARN_CONSTANT_CONVERSION = YES;
				CLANG_WARN_DEPRECATED_OBJC_IMPLEMENTATIONS = YES;
				CLANG_WARN_DIRECT_OBJC_ISA_USAGE = YES_ERROR;
				CLANG_WARN_DOCUMENTATION_COMMENTS = YES;
				CLANG_WARN_EMPTY_BODY = YES;
				CLANG_WARN_ENUM_CONVERSION = YES;
				CLANG_WARN_INFINITE_RECURSION = YES;
				CLANG_WARN_INT_CONVERSION = YES;
				CLANG_WARN_NON_LITERAL_NULL_CONVERSION = YES;
				CLANG_WARN_OBJC_IMPLICIT_RETAIN_SELF = YES;
				CLANG_WARN_OBJC_LITERAL_CONVERSION = YES;
				CLANG_WARN_OBJC_ROOT_CLASS = YES_ERROR;
				CLANG_WARN_QUOTED_INCLUDE_IN_FRAMEWORK_HEADER = YES;
				CLANG_WARN_RANGE_LOOP_ANALYSIS = YES;
				CLANG_WARN_STRICT_PROTOTYPES = YES;
				CLANG_WARN_SUSPICIOUS_MOVE = YES;
				CLANG_WARN_UNGUARDED_AVAILABILITY = YES_AGGRESSIVE;
				CLANG_WARN_UNREACHABLE_CODE = YES;
				CLANG_WARN__DUPLICATE_METHOD_MATCH = YES;
				COPY_PHASE_STRIP = NO;
				DEBUG_INFORMATION_FORMAT = "dwarf-with-dsym";
				ENABLE_NS_ASSERTIONS = NO;
				ENABLE_STRICT_OBJC_MSGSEND = YES;
				GCC_C_LANGUAGE_STANDARD = gnu11;
				GCC_NO_COMMON_BLOCKS = YES;
				GCC_WARN_64_TO_32_BIT_CONVERSION = YES;
				GCC_WARN_ABOUT_RETURN_TYPE = YES_ERROR;
				GCC_WARN_UNDECLARED_SELECTOR = YES;
				GCC_WARN_UNINITIALIZED_AUTOS = YES_AGGRESSIVE;
				GCC_WARN_UNUSED_FUNCTION = YES;
				GCC_WARN_UNUSED_VARIABLE = YES;
				IPHONEOS_DEPLOYMENT_TARGET = 15.5;
				MTL_ENABLE_DEBUG_INFO = NO;
				MTL_FAST_MATH = YES;
				SDKROOT = iphoneos;
				SWIFT_COMPILATION_MODE = wholemodule;
				SWIFT_OPTIMIZATION_LEVEL = "-O";
				VALIDATE_PRODUCT = YES;
			};
			name = Release;
		};
		94CB782028F801D200F20E2D /* Debug */ = {
			isa = XCBuildConfiguration;
			buildSettings = {
				ASSETCATALOG_COMPILER_APPICON_NAME = AppIcon;
				ASSETCATALOG_COMPILER_GLOBAL_ACCENT_COLOR_NAME = AccentColor;
				CODE_SIGN_STYLE = Automatic;
				CURRENT_PROJECT_VERSION = 1;
				DEVELOPMENT_TEAM = U3CGT88S32;
				GENERATE_INFOPLIST_FILE = YES;
				INFOPLIST_FILE = "Right in target2/Info.plist";
				INFOPLIST_KEY_UIApplicationSupportsIndirectInputEvents = YES;
				INFOPLIST_KEY_UILaunchStoryboardName = LaunchScreen;
				INFOPLIST_KEY_UIMainStoryboardFile = Main;
				INFOPLIST_KEY_UISupportedInterfaceOrientations = "UIInterfaceOrientationLandscapeLeft UIInterfaceOrientationLandscapeRight";
				INFOPLIST_KEY_UISupportedInterfaceOrientations_iPad = "UIInterfaceOrientationPortrait UIInterfaceOrientationPortraitUpsideDown UIInterfaceOrientationLandscapeLeft UIInterfaceOrientationLandscapeRight";
				INFOPLIST_KEY_UISupportedInterfaceOrientations_iPhone = "UIInterfaceOrientationPortrait UIInterfaceOrientationLandscapeLeft UIInterfaceOrientationLandscapeRight";
				LD_RUNPATH_SEARCH_PATHS = (
					"$(inherited)",
					"@executable_path/Frameworks",
				);
				MARKETING_VERSION = 1.3;
				PRODUCT_BUNDLE_IDENTIFIER = "com.myorganization.Right-in-target2";
				PRODUCT_NAME = "$(TARGET_NAME)";
				SWIFT_EMIT_LOC_STRINGS = YES;
				SWIFT_VERSION = 5.0;
				TARGETED_DEVICE_FAMILY = "1,2";
			};
			name = Debug;
		};
		94CB782128F801D200F20E2D /* Release */ = {
			isa = XCBuildConfiguration;
			buildSettings = {
				ASSETCATALOG_COMPILER_APPICON_NAME = AppIcon;
				ASSETCATALOG_COMPILER_GLOBAL_ACCENT_COLOR_NAME = AccentColor;
				CODE_SIGN_STYLE = Automatic;
				CURRENT_PROJECT_VERSION = 1;
				DEVELOPMENT_TEAM = U3CGT88S32;
				GENERATE_INFOPLIST_FILE = YES;
				INFOPLIST_FILE = "Right in target2/Info.plist";
				INFOPLIST_KEY_UIApplicationSupportsIndirectInputEvents = YES;
				INFOPLIST_KEY_UILaunchStoryboardName = LaunchScreen;
				INFOPLIST_KEY_UIMainStoryboardFile = Main;
				INFOPLIST_KEY_UISupportedInterfaceOrientations = "UIInterfaceOrientationLandscapeLeft UIInterfaceOrientationLandscapeRight";
				INFOPLIST_KEY_UISupportedInterfaceOrientations_iPad = "UIInterfaceOrientationPortrait UIInterfaceOrientationPortraitUpsideDown UIInterfaceOrientationLandscapeLeft UIInterfaceOrientationLandscapeRight";
				INFOPLIST_KEY_UISupportedInterfaceOrientations_iPhone = "UIInterfaceOrientationPortrait UIInterfaceOrientationLandscapeLeft UIInterfaceOrientationLandscapeRight";
				LD_RUNPATH_SEARCH_PATHS = (
					"$(inherited)",
					"@executable_path/Frameworks",
				);
				MARKETING_VERSION = 1.3;
				PRODUCT_BUNDLE_IDENTIFIER = "com.myorganization.Right-in-target2";
				PRODUCT_NAME = "$(TARGET_NAME)";
				SWIFT_EMIT_LOC_STRINGS = YES;
				SWIFT_VERSION = 5.0;
				TARGETED_DEVICE_FAMILY = "1,2";
			};
			name = Release;
		};
/* End XCBuildConfiguration section */

/* Begin XCConfigurationList section */
		94CB780628F801D100F20E2D /* Build configuration list for PBXProject "Right in target2" */ = {
			isa = XCConfigurationList;
			buildConfigurations = (
				94CB781D28F801D200F20E2D /* Debug */,
				94CB781E28F801D200F20E2D /* Release */,
			);
			defaultConfigurationIsVisible = 0;
			defaultConfigurationName = Release;
		};
		94CB781F28F801D200F20E2D /* Build configuration list for PBXNativeTarget "Right in target2" */ = {
			isa = XCConfigurationList;
			buildConfigurations = (
				94CB782028F801D200F20E2D /* Debug */,
				94CB782128F801D200F20E2D /* Release */,
			);
			defaultConfigurationIsVisible = 0;
			defaultConfigurationName = Release;
		};
/* End XCConfigurationList section */
	};
	rootObject = 94CB780328F801D100F20E2D /* Project object */;
}
